
Microsoft Visual Studio Solution File, Format Version 12.00
# Visual Studio Version 16
VisualStudioVersion = 16.0.30114.105
MinimumVisualStudioVersion = 10.0.40219.1
Project("{2150E333-8FDC-42A3-9474-1A3956D46DE8}") = "src", "src", "{8D898557-385B-4683-9AD5-D8F0B3B8016F}"
EndProject
Project("{FAE04EC0-301F-11D3-BF4B-00C04F79EFBC}") = "Web", "src\Web\Web.csproj", "{9825D579-D20B-4AFE-B0E8-69EBE5B190FD}"
EndProject
Project("{FAE04EC0-301F-11D3-BF4B-00C04F79EFBC}") = "API", "src\API\API.csproj", "{8ABA5A11-9F3B-4598-B1A7-06419FE1C3E9}"
EndProject
Project("{FAE04EC0-301F-11D3-BF4B-00C04F79EFBC}") = "Infrastructure", "src\Infrastructure\Infrastructure.csproj", "{046F296D-C308-4478-A091-B8A151B570BB}"
EndProject
Project("{2150E333-8FDC-42A3-9474-1A3956D46DE8}") = "ApplicationCore", "ApplicationCore", "{7EB57BC3-3A47-4DC7-AC29-66EFF35B89B5}"
EndProject
Project("{FAE04EC0-301F-11D3-BF4B-00C04F79EFBC}") = "Entities", "src\ApplicationCore\Entities\Entities.csproj", "{C3AA803A-0B57-4E0E-BE96-B34279F7E05C}"
EndProject
Project("{FAE04EC0-301F-11D3-BF4B-00C04F79EFBC}") = "Services", "src\ApplicationCore\Services\Services.csproj", "{7155C1CB-EA25-4016-8255-B9409D940834}"
EndProject
Project("{FAE04EC0-301F-11D3-BF4B-00C04F79EFBC}") = "Admin", "src\Admin\Admin.csproj", "{3D1D29FA-F228-4BAA-8ED1-0283C0C8BD16}"
EndProject
Global
	GlobalSection(SolutionConfigurationPlatforms) = preSolution
		Debug|Any CPU = Debug|Any CPU
		Release|Any CPU = Release|Any CPU
	EndGlobalSection
	GlobalSection(SolutionProperties) = preSolution
		HideSolutionNode = FALSE
	EndGlobalSection
	GlobalSection(ProjectConfigurationPlatforms) = postSolution
		{9825D579-D20B-4AFE-B0E8-69EBE5B190FD}.Debug|Any CPU.ActiveCfg = Debug|Any CPU
		{9825D579-D20B-4AFE-B0E8-69EBE5B190FD}.Debug|Any CPU.Build.0 = Debug|Any CPU
		{9825D579-D20B-4AFE-B0E8-69EBE5B190FD}.Release|Any CPU.ActiveCfg = Release|Any CPU
		{9825D579-D20B-4AFE-B0E8-69EBE5B190FD}.Release|Any CPU.Build.0 = Release|Any CPU
		{8ABA5A11-9F3B-4598-B1A7-06419FE1C3E9}.Debug|Any CPU.ActiveCfg = Debug|Any CPU
		{8ABA5A11-9F3B-4598-B1A7-06419FE1C3E9}.Debug|Any CPU.Build.0 = Debug|Any CPU
		{8ABA5A11-9F3B-4598-B1A7-06419FE1C3E9}.Release|Any CPU.ActiveCfg = Release|Any CPU
		{8ABA5A11-9F3B-4598-B1A7-06419FE1C3E9}.Release|Any CPU.Build.0 = Release|Any CPU
		{046F296D-C308-4478-A091-B8A151B570BB}.Debug|Any CPU.ActiveCfg = Debug|Any CPU
		{046F296D-C308-4478-A091-B8A151B570BB}.Debug|Any CPU.Build.0 = Debug|Any CPU
		{046F296D-C308-4478-A091-B8A151B570BB}.Release|Any CPU.ActiveCfg = Release|Any CPU
		{046F296D-C308-4478-A091-B8A151B570BB}.Release|Any CPU.Build.0 = Release|Any CPU
		{C3AA803A-0B57-4E0E-BE96-B34279F7E05C}.Debug|Any CPU.ActiveCfg = Debug|Any CPU
		{C3AA803A-0B57-4E0E-BE96-B34279F7E05C}.Debug|Any CPU.Build.0 = Debug|Any CPU
		{C3AA803A-0B57-4E0E-BE96-B34279F7E05C}.Release|Any CPU.ActiveCfg = Release|Any CPU
		{C3AA803A-0B57-4E0E-BE96-B34279F7E05C}.Release|Any CPU.Build.0 = Release|Any CPU
		{7155C1CB-EA25-4016-8255-B9409D940834}.Debug|Any CPU.ActiveCfg = Debug|Any CPU
		{7155C1CB-EA25-4016-8255-B9409D940834}.Debug|Any CPU.Build.0 = Debug|Any CPU
		{7155C1CB-EA25-4016-8255-B9409D940834}.Release|Any CPU.ActiveCfg = Release|Any CPU
		{7155C1CB-EA25-4016-8255-B9409D940834}.Release|Any CPU.Build.0 = Release|Any CPU
		{3D1D29FA-F228-4BAA-8ED1-0283C0C8BD16}.Debug|Any CPU.ActiveCfg = Debug|Any CPU
		{3D1D29FA-F228-4BAA-8ED1-0283C0C8BD16}.Debug|Any CPU.Build.0 = Debug|Any CPU
		{3D1D29FA-F228-4BAA-8ED1-0283C0C8BD16}.Release|Any CPU.ActiveCfg = Release|Any CPU
		{3D1D29FA-F228-4BAA-8ED1-0283C0C8BD16}.Release|Any CPU.Build.0 = Release|Any CPU
	EndGlobalSection
	GlobalSection(NestedProjects) = preSolution
		{9825D579-D20B-4AFE-B0E8-69EBE5B190FD} = {8D898557-385B-4683-9AD5-D8F0B3B8016F}
		{8ABA5A11-9F3B-4598-B1A7-06419FE1C3E9} = {8D898557-385B-4683-9AD5-D8F0B3B8016F}
		{046F296D-C308-4478-A091-B8A151B570BB} = {8D898557-385B-4683-9AD5-D8F0B3B8016F}
		{7EB57BC3-3A47-4DC7-AC29-66EFF35B89B5} = {8D898557-385B-4683-9AD5-D8F0B3B8016F}
		{C3AA803A-0B57-4E0E-BE96-B34279F7E05C} = {7EB57BC3-3A47-4DC7-AC29-66EFF35B89B5}
		{7155C1CB-EA25-4016-8255-B9409D940834} = {7EB57BC3-3A47-4DC7-AC29-66EFF35B89B5}
		{3D1D29FA-F228-4BAA-8ED1-0283C0C8BD16} = {8D898557-385B-4683-9AD5-D8F0B3B8016F}
	EndGlobalSection
EndGlobal
